
Microsoft Visual Studio Solution File, Format Version 12.00
Project("{FAE04EC0-301F-11D3-BF4B-00C04F79EFBC}") = "KanbanBoard.API", "KanbanBoard.API\KanbanBoard.API.csproj", "{C1E075EA-2484-4558-AA51-2FC434E4BD91}"
EndProject
Project("{FAE04EC0-301F-11D3-BF4B-00C04F79EFBC}") = "KanbanBoard.Services", "KanbanBoard.Services\KanbanBoard.Services.csproj", "{9E4E8ABE-1BDD-423C-8875-3ED6A43061D4}"
EndProject
Project("{FAE04EC0-301F-11D3-BF4B-00C04F79EFBC}") = "KanbanBoard.Data", "KanbanBoard.Data\KanbanBoard.Data.csproj", "{97C8B5AD-3864-49D8-A087-597C3ABEF624}"
EndProject
Global
	GlobalSection(SolutionConfigurationPlatforms) = preSolution
		Debug|Any CPU = Debug|Any CPU
		Release|Any CPU = Release|Any CPU
	EndGlobalSection
	GlobalSection(ProjectConfigurationPlatforms) = postSolution
		{C1E075EA-2484-4558-AA51-2FC434E4BD91}.Debug|Any CPU.ActiveCfg = Debug|Any CPU
		{C1E075EA-2484-4558-AA51-2FC434E4BD91}.Debug|Any CPU.Build.0 = Debug|Any CPU
		{C1E075EA-2484-4558-AA51-2FC434E4BD91}.Release|Any CPU.ActiveCfg = Release|Any CPU
		{C1E075EA-2484-4558-AA51-2FC434E4BD91}.Release|Any CPU.Build.0 = Release|Any CPU
		{9E4E8ABE-1BDD-423C-8875-3ED6A43061D4}.Debug|Any CPU.ActiveCfg = Debug|Any CPU
		{9E4E8ABE-1BDD-423C-8875-3ED6A43061D4}.Debug|Any CPU.Build.0 = Debug|Any CPU
		{9E4E8ABE-1BDD-423C-8875-3ED6A43061D4}.Release|Any CPU.ActiveCfg = Release|Any CPU
		{9E4E8ABE-1BDD-423C-8875-3ED6A43061D4}.Release|Any CPU.Build.0 = Release|Any CPU
		{97C8B5AD-3864-49D8-A087-597C3ABEF624}.Debug|Any CPU.ActiveCfg = Debug|Any CPU
		{97C8B5AD-3864-49D8-A087-597C3ABEF624}.Debug|Any CPU.Build.0 = Debug|Any CPU
		{97C8B5AD-3864-49D8-A087-597C3ABEF624}.Release|Any CPU.ActiveCfg = Release|Any CPU
		{97C8B5AD-3864-49D8-A087-597C3ABEF624}.Release|Any CPU.Build.0 = Release|Any CPU
	EndGlobalSection
EndGlobal
